
Microsoft Visual Studio Solution File, Format Version 12.00
# Visual Studio 15
VisualStudioVersion = 15.0.26730.3
MinimumVisualStudioVersion = 10.0.40219.1
Project("{FAE04EC0-301F-11D3-BF4B-00C04F79EFBC}") = "AL1P16", "AL1P16\AL1P16.csproj", "{A782DB57-353B-4CB5-A192-2F74D1D82EE3}"
EndProject
Global
	GlobalSection(SolutionConfigurationPlatforms) = preSolution
		Debug|Any CPU = Debug|Any CPU
		Release|Any CPU = Release|Any CPU
	EndGlobalSection
	GlobalSection(ProjectConfigurationPlatforms) = postSolution
		{A782DB57-353B-4CB5-A192-2F74D1D82EE3}.Debug|Any CPU.ActiveCfg = Debug|Any CPU
		{A782DB57-353B-4CB5-A192-2F74D1D82EE3}.Debug|Any CPU.Build.0 = Debug|Any CPU
		{A782DB57-353B-4CB5-A192-2F74D1D82EE3}.Release|Any CPU.ActiveCfg = Release|Any CPU
		{A782DB57-353B-4CB5-A192-2F74D1D82EE3}.Release|Any CPU.Build.0 = Release|Any CPU
	EndGlobalSection
	GlobalSection(SolutionProperties) = preSolution
		HideSolutionNode = FALSE
	EndGlobalSection
	GlobalSection(ExtensibilityGlobals) = postSolution
		SolutionGuid = {73543322-8B71-4A31-85AC-627224044446}
	EndGlobalSection
EndGlobal
